// !$*UTF8*$!
{
	archiveVersion = 1;
	classes = {
	};
	objectVersion = 77;
	objects = {

/* Begin PBXContainerItemProxy section */
		054BDC0E2D00A63C00CF5597 /* PBXContainerItemProxy */ = {
			isa = PBXContainerItemProxy;
			containerPortal = 054BDBF52D00A63900CF5597 /* Project object */;
			proxyType = 1;
			remoteGlobalIDString = 054BDBFC2D00A63900CF5597;
			remoteInfo = MeetandCreate;
		};
		054BDC182D00A63C00CF5597 /* PBXContainerItemProxy */ = {
			isa = PBXContainerItemProxy;
			containerPortal = 054BDBF52D00A63900CF5597 /* Project object */;
			proxyType = 1;
			remoteGlobalIDString = 054BDBFC2D00A63900CF5597;
			remoteInfo = MeetandCreate;
		};
/* End PBXContainerItemProxy section */

/* Begin PBXFileReference section */
		054BDBFD2D00A63900CF5597 /* MeetandCreate.app */ = {isa = PBXFileReference; explicitFileType = wrapper.application; includeInIndex = 0; path = MeetandCreate.app; sourceTree = BUILT_PRODUCTS_DIR; };
		054BDC0D2D00A63C00CF5597 /* MeetandCreateTests.xctest */ = {isa = PBXFileReference; explicitFileType = wrapper.cfbundle; includeInIndex = 0; path = MeetandCreateTests.xctest; sourceTree = BUILT_PRODUCTS_DIR; };
		054BDC172D00A63C00CF5597 /* MeetandCreateUITests.xctest */ = {isa = PBXFileReference; explicitFileType = wrapper.cfbundle; includeInIndex = 0; path = MeetandCreateUITests.xctest; sourceTree = BUILT_PRODUCTS_DIR; };
/* End PBXFileReference section */

/* Begin PBXFileSystemSynchronizedRootGroup section */
		054BDBFF2D00A63900CF5597 /* MeetandCreate */ = {
			isa = PBXFileSystemSynchronizedRootGroup;
			path = MeetandCreate;
			sourceTree = "<group>";
		};
		054BDC102D00A63C00CF5597 /* MeetandCreateTests */ = {
			isa = PBXFileSystemSynchronizedRootGroup;
			path = MeetandCreateTests;
			sourceTree = "<group>";
		};
		054BDC1A2D00A63C00CF5597 /* MeetandCreateUITests */ = {
			isa = PBXFileSystemSynchronizedRootGroup;
			path = MeetandCreateUITests;
			sourceTree = "<group>";
		};
/* End PBXFileSystemSynchronizedRootGroup section */

/* Begin PBXFrameworksBuildPhase section */
		054BDBFA2D00A63900CF5597 /* Frameworks */ = {
			isa = PBXFrameworksBuildPhase;
			buildActionMask = 2147483647;
			files = (
			);
			runOnlyForDeploymentPostprocessing = 0;
		};
		054BDC0A2D00A63C00CF5597 /* Frameworks */ = {
			isa = PBXFrameworksBuildPhase;
			buildActionMask = 2147483647;
			files = (
			);
			runOnlyForDeploymentPostprocessing = 0;
		};
		054BDC142D00A63C00CF5597 /* Frameworks */ = {
			isa = PBXFrameworksBuildPhase;
			buildActionMask = 2147483647;
			files = (
			);
			runOnlyForDeploymentPostprocessing = 0;
		};
/* End PBXFrameworksBuildPhase section */

/* Begin PBXGroup section */
		054BDBF42D00A63900CF5597 = {
			isa = PBXGroup;
			children = (
				054BDBFF2D00A63900CF5597 /* MeetandCreate */,
				054BDC102D00A63C00CF5597 /* MeetandCreateTests */,
				054BDC1A2D00A63C00CF5597 /* MeetandCreateUITests */,
				054BDBFE2D00A63900CF5597 /* Products */,
			);
			sourceTree = "<group>";
		};
		054BDBFE2D00A63900CF5597 /* Products */ = {
			isa = PBXGroup;
			children = (
				054BDBFD2D00A63900CF5597 /* MeetandCreate.app */,
				054BDC0D2D00A63C00CF5597 /* MeetandCreateTests.xctest */,
				054BDC172D00A63C00CF5597 /* MeetandCreateUITests.xctest */,
			);
			name = Products;
			sourceTree = "<group>";
		};
/* End PBXGroup section */

/* Begin PBXNativeTarget section */
		054BDBFC2D00A63900CF5597 /* MeetandCreate */ = {
			isa = PBXNativeTarget;
			buildConfigurationList = 054BDC212D00A63C00CF5597 /* Build configuration list for PBXNativeTarget "MeetandCreate" */;
			buildPhases = (
				054BDBF92D00A63900CF5597 /* Sources */,
				054BDBFA2D00A63900CF5597 /* Frameworks */,
				054BDBFB2D00A63900CF5597 /* Resources */,
			);
			buildRules = (
			);
			dependencies = (
			);
			fileSystemSynchronizedGroups = (
				054BDBFF2D00A63900CF5597 /* MeetandCreate */,
			);
			name = MeetandCreate;
			packageProductDependencies = (
			);
			productName = MeetandCreate;
			productReference = 054BDBFD2D00A63900CF5597 /* MeetandCreate.app */;
			productType = "com.apple.product-type.application";
		};
		054BDC0C2D00A63C00CF5597 /* MeetandCreateTests */ = {
			isa = PBXNativeTarget;
			buildConfigurationList = 054BDC242D00A63C00CF5597 /* Build configuration list for PBXNativeTarget "MeetandCreateTests" */;
			buildPhases = (
				054BDC092D00A63C00CF5597 /* Sources */,
				054BDC0A2D00A63C00CF5597 /* Frameworks */,
				054BDC0B2D00A63C00CF5597 /* Resources */,
			);
			buildRules = (
			);
			dependencies = (
				054BDC0F2D00A63C00CF5597 /* PBXTargetDependency */,
			);
			fileSystemSynchronizedGroups = (
				054BDC102D00A63C00CF5597 /* MeetandCreateTests */,
			);
			name = MeetandCreateTests;
			packageProductDependencies = (
			);
			productName = MeetandCreateTests;
			productReference = 054BDC0D2D00A63C00CF5597 /* MeetandCreateTests.xctest */;
			productType = "com.apple.product-type.bundle.unit-test";
		};
		054BDC162D00A63C00CF5597 /* MeetandCreateUITests */ = {
			isa = PBXNativeTarget;
			buildConfigurationList = 054BDC272D00A63C00CF5597 /* Build configuration list for PBXNativeTarget "MeetandCreateUITests" */;
			buildPhases = (
				054BDC132D00A63C00CF5597 /* Sources */,
				054BDC142D00A63C00CF5597 /* Frameworks */,
				054BDC152D00A63C00CF5597 /* Resources */,
			);
			buildRules = (
			);
			dependencies = (
				054BDC192D00A63C00CF5597 /* PBXTargetDependency */,
			);
			fileSystemSynchronizedGroups = (
				054BDC1A2D00A63C00CF5597 /* MeetandCreateUITests */,
			);
			name = MeetandCreateUITests;
			packageProductDependencies = (
			);
			productName = MeetandCreateUITests;
			productReference = 054BDC172D00A63C00CF5597 /* MeetandCreateUITests.xctest */;
			productType = "com.apple.product-type.bundle.ui-testing";
		};
/* End PBXNativeTarget section */

/* Begin PBXProject section */
		054BDBF52D00A63900CF5597 /* Project object */ = {
			isa = PBXProject;
			attributes = {
				BuildIndependentTargetsInParallel = 1;
				LastSwiftUpdateCheck = 1610;
				LastUpgradeCheck = 1610;
				TargetAttributes = {
					054BDBFC2D00A63900CF5597 = {
						CreatedOnToolsVersion = 16.1;
					};
					054BDC0C2D00A63C00CF5597 = {
						CreatedOnToolsVersion = 16.1;
						TestTargetID = 054BDBFC2D00A63900CF5597;
					};
					054BDC162D00A63C00CF5597 = {
						CreatedOnToolsVersion = 16.1;
						TestTargetID = 054BDBFC2D00A63900CF5597;
					};
				};
			};
			buildConfigurationList = 054BDBF82D00A63900CF5597 /* Build configuration list for PBXProject "MeetandCreate" */;
			developmentRegion = en;
			hasScannedForEncodings = 0;
			knownRegions = (
				en,
				Base,
			);
			mainGroup = 054BDBF42D00A63900CF5597;
			minimizedProjectReferenceProxies = 1;
			preferredProjectObjectVersion = 77;
			productRefGroup = 054BDBFE2D00A63900CF5597 /* Products */;
			projectDirPath = "";
			projectRoot = "";
			targets = (
				054BDBFC2D00A63900CF5597 /* MeetandCreate */,
				054BDC0C2D00A63C00CF5597 /* MeetandCreateTests */,
				054BDC162D00A63C00CF5597 /* MeetandCreateUITests */,
			);
		};
/* End PBXProject section */

/* Begin PBXResourcesBuildPhase section */
		054BDBFB2D00A63900CF5597 /* Resources */ = {
			isa = PBXResourcesBuildPhase;
			buildActionMask = 2147483647;
			files = (
			);
			runOnlyForDeploymentPostprocessing = 0;
		};
		054BDC0B2D00A63C00CF5597 /* Resources */ = {
			isa = PBXResourcesBuildPhase;
			buildActionMask = 2147483647;
			files = (
			);
			runOnlyForDeploymentPostprocessing = 0;
		};
		054BDC152D00A63C00CF5597 /* Resources */ = {
			isa = PBXResourcesBuildPhase;
			buildActionMask = 2147483647;
			files = (
			);
			runOnlyForDeploymentPostprocessing = 0;
		};
/* End PBXResourcesBuildPhase section */

/* Begin PBXSourcesBuildPhase section */
		054BDBF92D00A63900CF5597 /* Sources */ = {
			isa = PBXSourcesBuildPhase;
			buildActionMask = 2147483647;
			files = (
			);
			runOnlyForDeploymentPostprocessing = 0;
		};
		054BDC092D00A63C00CF5597 /* Sources */ = {
			isa = PBXSourcesBuildPhase;
			buildActionMask = 2147483647;
			files = (
			);
			runOnlyForDeploymentPostprocessing = 0;
		};
		054BDC132D00A63C00CF5597 /* Sources */ = {
			isa = PBXSourcesBuildPhase;
			buildActionMask = 2147483647;
			files = (
			);
			runOnlyForDeploymentPostprocessing = 0;
		};
/* End PBXSourcesBuildPhase section */

/* Begin PBXTargetDependency section */
		054BDC0F2D00A63C00CF5597 /* PBXTargetDependency */ = {
			isa = PBXTargetDependency;
			target = 054BDBFC2D00A63900CF5597 /* MeetandCreate */;
			targetProxy = 054BDC0E2D00A63C00CF5597 /* PBXContainerItemProxy */;
		};
		054BDC192D00A63C00CF5597 /* PBXTargetDependency */ = {
			isa = PBXTargetDependency;
			target = 054BDBFC2D00A63900CF5597 /* MeetandCreate */;
			targetProxy = 054BDC182D00A63C00CF5597 /* PBXContainerItemProxy */;
		};
/* End PBXTargetDependency section */

/* Begin XCBuildConfiguration section */
		054BDC1F2D00A63C00CF5597 /* Debug */ = {
			isa = XCBuildConfiguration;
			buildSettings = {
				ALWAYS_SEARCH_USER_PATHS = NO;
				ASSETCATALOG_COMPILER_GENERATE_SWIFT_ASSET_SYMBOL_EXTENSIONS = YES;
				CLANG_ANALYZER_NONNULL = YES;
				CLANG_ANALYZER_NUMBER_OBJECT_CONVERSION = YES_AGGRESSIVE;
				CLANG_CXX_LANGUAGE_STANDARD = "gnu++20";
				CLANG_ENABLE_MODULES = YES;
				CLANG_ENABLE_OBJC_ARC = YES;
				CLANG_ENABLE_OBJC_WEAK = YES;
				CLANG_WARN_BLOCK_CAPTURE_AUTORELEASING = YES;
				CLANG_WARN_BOOL_CONVERSION = YES;
				CLANG_WARN_COMMA = YES;
				CLANG_WARN_CONSTANT_CONVERSION = YES;
				CLANG_WARN_DEPRECATED_OBJC_IMPLEMENTATIONS = YES;
				CLANG_WARN_DIRECT_OBJC_ISA_USAGE = YES_ERROR;
				CLANG_WARN_DOCUMENTATION_COMMENTS = YES;
				CLANG_WARN_EMPTY_BODY = YES;
				CLANG_WARN_ENUM_CONVERSION = YES;
				CLANG_WARN_INFINITE_RECURSION = YES;
				CLANG_WARN_INT_CONVERSION = YES;
				CLANG_WARN_NON_LITERAL_NULL_CONVERSION = YES;
				CLANG_WARN_OBJC_IMPLICIT_RETAIN_SELF = YES;
				CLANG_WARN_OBJC_LITERAL_CONVERSION = YES;
				CLANG_WARN_OBJC_ROOT_CLASS = YES_ERROR;
				CLANG_WARN_QUOTED_INCLUDE_IN_FRAMEWORK_HEADER = YES;
				CLANG_WARN_RANGE_LOOP_ANALYSIS = YES;
				CLANG_WARN_STRICT_PROTOTYPES = YES;
				CLANG_WARN_SUSPICIOUS_MOVE = YES;
				CLANG_WARN_UNGUARDED_AVAILABILITY = YES_AGGRESSIVE;
				CLANG_WARN_UNREACHABLE_CODE = YES;
				CLANG_WARN__DUPLICATE_METHOD_MATCH = YES;
				COPY_PHASE_STRIP = NO;
				DEBUG_INFORMATION_FORMAT = dwarf;
				ENABLE_STRICT_OBJC_MSGSEND = YES;
				ENABLE_TESTABILITY = YES;
				ENABLE_USER_SCRIPT_SANDBOXING = YES;
				GCC_C_LANGUAGE_STANDARD = gnu17;
				GCC_DYNAMIC_NO_PIC = NO;
				GCC_NO_COMMON_BLOCKS = YES;
				GCC_OPTIMIZATION_LEVEL = 0;
				GCC_PREPROCESSOR_DEFINITIONS = (
					"DEBUG=1",
					"$(inherited)",
				);
				GCC_WARN_64_TO_32_BIT_CONVERSION = YES;
				GCC_WARN_ABOUT_RETURN_TYPE = YES_ERROR;
				GCC_WARN_UNDECLARED_SELECTOR = YES;
				GCC_WARN_UNINITIALIZED_AUTOS = YES_AGGRESSIVE;
				GCC_WARN_UNUSED_FUNCTION = YES;
				GCC_WARN_UNUSED_VARIABLE = YES;
				IPHONEOS_DEPLOYMENT_TARGET = 18.1;
				LOCALIZATION_PREFERS_STRING_CATALOGS = YES;
				MTL_ENABLE_DEBUG_INFO = INCLUDE_SOURCE;
				MTL_FAST_MATH = YES;
				ONLY_ACTIVE_ARCH = YES;
				SDKROOT = iphoneos;
				SWIFT_ACTIVE_COMPILATION_CONDITIONS = "DEBUG $(inherited)";
				SWIFT_OPTIMIZATION_LEVEL = "-Onone";
			};
			name = Debug;
		};
		054BDC202D00A63C00CF5597 /* Release */ = {
			isa = XCBuildConfiguration;
			buildSettings = {
				ALWAYS_SEARCH_USER_PATHS = NO;
				ASSETCATALOG_COMPILER_GENERATE_SWIFT_ASSET_SYMBOL_EXTENSIONS = YES;
				CLANG_ANALYZER_NONNULL = YES;
				CLANG_ANALYZER_NUMBER_OBJECT_CONVERSION = YES_AGGRESSIVE;
				CLANG_CXX_LANGUAGE_STANDARD = "gnu++20";
				CLANG_ENABLE_MODULES = YES;
				CLANG_ENABLE_OBJC_ARC = YES;
				CLANG_ENABLE_OBJC_WEAK = YES;
				CLANG_WARN_BLOCK_CAPTURE_AUTORELEASING = YES;
				CLANG_WARN_BOOL_CONVERSION = YES;
				CLANG_WARN_COMMA = YES;
				CLANG_WARN_CONSTANT_CONVERSION = YES;
				CLANG_WARN_DEPRECATED_OBJC_IMPLEMENTATIONS = YES;
				CLANG_WARN_DIRECT_OBJC_ISA_USAGE = YES_ERROR;
				CLANG_WARN_DOCUMENTATION_COMMENTS = YES;
				CLANG_WARN_EMPTY_BODY = YES;
				CLANG_WARN_ENUM_CONVERSION = YES;
				CLANG_WARN_INFINITE_RECURSION = YES;
				CLANG_WARN_INT_CONVERSION = YES;
				CLANG_WARN_NON_LITERAL_NULL_CONVERSION = YES;
				CLANG_WARN_OBJC_IMPLICIT_RETAIN_SELF = YES;
				CLANG_WARN_OBJC_LITERAL_CONVERSION = YES;
				CLANG_WARN_OBJC_ROOT_CLASS = YES_ERROR;
				CLANG_WARN_QUOTED_INCLUDE_IN_FRAMEWORK_HEADER = YES;
				CLANG_WARN_RANGE_LOOP_ANALYSIS = YES;
				CLANG_WARN_STRICT_PROTOTYPES = YES;
				CLANG_WARN_SUSPICIOUS_MOVE = YES;
				CLANG_WARN_UNGUARDED_AVAILABILITY = YES_AGGRESSIVE;
				CLANG_WARN_UNREACHABLE_CODE = YES;
				CLANG_WARN__DUPLICATE_METHOD_MATCH = YES;
				COPY_PHASE_STRIP = NO;
				DEBUG_INFORMATION_FORMAT = "dwarf-with-dsym";
				ENABLE_NS_ASSERTIONS = NO;
				ENABLE_STRICT_OBJC_MSGSEND = YES;
				ENABLE_USER_SCRIPT_SANDBOXING = YES;
				GCC_C_LANGUAGE_STANDARD = gnu17;
				GCC_NO_COMMON_BLOCKS = YES;
				GCC_WARN_64_TO_32_BIT_CONVERSION = YES;
				GCC_WARN_ABOUT_RETURN_TYPE = YES_ERROR;
				GCC_WARN_UNDECLARED_SELECTOR = YES;
				GCC_WARN_UNINITIALIZED_AUTOS = YES_AGGRESSIVE;
				GCC_WARN_UNUSED_FUNCTION = YES;
				GCC_WARN_UNUSED_VARIABLE = YES;
				IPHONEOS_DEPLOYMENT_TARGET = 18.1;
				LOCALIZATION_PREFERS_STRING_CATALOGS = YES;
				MTL_ENABLE_DEBUG_INFO = NO;
				MTL_FAST_MATH = YES;
				SDKROOT = iphoneos;
				SWIFT_COMPILATION_MODE = wholemodule;
				VALIDATE_PRODUCT = YES;
			};
			name = Release;
		};
		054BDC222D00A63C00CF5597 /* Debug */ = {
			isa = XCBuildConfiguration;
			buildSettings = {
				ASSETCATALOG_COMPILER_APPICON_NAME = AppIcon;
				ASSETCATALOG_COMPILER_GLOBAL_ACCENT_COLOR_NAME = AccentColor;
				CODE_SIGN_STYLE = Automatic;
				CURRENT_PROJECT_VERSION = 1;
				DEVELOPMENT_ASSET_PATHS = "\"MeetandCreate/Preview Content\"";
				DEVELOPMENT_TEAM = 9H772RLSQ4;
				ENABLE_PREVIEWS = YES;
				GENERATE_INFOPLIST_FILE = YES;
				INFOPLIST_KEY_UIApplicationSceneManifest_Generation = YES;
				INFOPLIST_KEY_UIApplicationSupportsIndirectInputEvents = YES;
				INFOPLIST_KEY_UILaunchScreen_Generation = YES;
				INFOPLIST_KEY_UISupportedInterfaceOrientations_iPad = "UIInterfaceOrientationPortrait UIInterfaceOrientationPortraitUpsideDown UIInterfaceOrientationLandscapeLeft UIInterfaceOrientationLandscapeRight";
				INFOPLIST_KEY_UISupportedInterfaceOrientations_iPhone = "UIInterfaceOrientationPortrait UIInterfaceOrientationLandscapeLeft UIInterfaceOrientationLandscapeRight";
				IPHONEOS_DEPLOYMENT_TARGET = 17.0;
				LD_RUNPATH_SEARCH_PATHS = (
					"$(inherited)",
					"@executable_path/Frameworks",
				);
				MARKETING_VERSION = 1.0;
				PRODUCT_BUNDLE_IDENTIFIER = com.MeetandCreate.MeetandCreate;
				PRODUCT_NAME = "$(TARGET_NAME)";
				SWIFT_EMIT_LOC_STRINGS = YES;
				SWIFT_VERSION = 5.0;
				TARGETED_DEVICE_FAMILY = "1,2";
			};
			name = Debug;
		};
		054BDC232D00A63C00CF5597 /* Release */ = {
			isa = XCBuildConfiguration;
			buildSettings = {
				ASSETCATALOG_COMPILER_APPICON_NAME = AppIcon;
				ASSETCATALOG_COMPILER_GLOBAL_ACCENT_COLOR_NAME = AccentColor;
				CODE_SIGN_STYLE = Automatic;
				CURRENT_PROJECT_VERSION = 1;
				DEVELOPMENT_ASSET_PATHS = "\"MeetandCreate/Preview Content\"";
				DEVELOPMENT_TEAM = 9H772RLSQ4;
				ENABLE_PREVIEWS = YES;
				GENERATE_INFOPLIST_FILE = YES;
				INFOPLIST_KEY_UIApplicationSceneManifest_Generation = YES;
				INFOPLIST_KEY_UIApplicationSupportsIndirectInputEvents = YES;
				INFOPLIST_KEY_UILaunchScreen_Generation = YES;
				INFOPLIST_KEY_UISupportedInterfaceOrientations_iPad = "UIInterfaceOrientationPortrait UIInterfaceOrientationPortraitUpsideDown UIInterfaceOrientationLandscapeLeft UIInterfaceOrientationLandscapeRight";
				INFOPLIST_KEY_UISupportedInterfaceOrientations_iPhone = "UIInterfaceOrientationPortrait UIInterfaceOrientationLandscapeLeft UIInterfaceOrientationLandscapeRight";
				IPHONEOS_DEPLOYMENT_TARGET = 17.0;
				LD_RUNPATH_SEARCH_PATHS = (
					"$(inherited)",
					"@executable_path/Frameworks",
				);
				MARKETING_VERSION = 1.0;
				PRODUCT_BUNDLE_IDENTIFIER = com.MeetandCreate.MeetandCreate;
				PRODUCT_NAME = "$(TARGET_NAME)";
				SWIFT_EMIT_LOC_STRINGS = YES;
				SWIFT_VERSION = 5.0;
				TARGETED_DEVICE_FAMILY = "1,2";
			};
			name = Release;
		};
		054BDC252D00A63C00CF5597 /* Debug */ = {
			isa = XCBuildConfiguration;
			buildSettings = {
				BUNDLE_LOADER = "$(TEST_HOST)";
				CODE_SIGN_STYLE = Automatic;
				CURRENT_PROJECT_VERSION = 1;
				DEVELOPMENT_TEAM = 9H772RLSQ4;
				GENERATE_INFOPLIST_FILE = YES;
				IPHONEOS_DEPLOYMENT_TARGET = 18.1;
				MARKETING_VERSION = 1.0;
				PRODUCT_BUNDLE_IDENTIFIER = com.MeetandCreate.MeetandCreateTests;
				PRODUCT_NAME = "$(TARGET_NAME)";
				SWIFT_EMIT_LOC_STRINGS = NO;
				SWIFT_VERSION = 5.0;
				TARGETED_DEVICE_FAMILY = "1,2";
				TEST_HOST = "$(BUILT_PRODUCTS_DIR)/MeetandCreate.app/$(BUNDLE_EXECUTABLE_FOLDER_PATH)/MeetandCreate";
			};
			name = Debug;
		};
		054BDC262D00A63C00CF5597 /* Release */ = {
			isa = XCBuildConfiguration;
			buildSettings = {
				BUNDLE_LOADER = "$(TEST_HOST)";
				CODE_SIGN_STYLE = Automatic;
				CURRENT_PROJECT_VERSION = 1;
				DEVELOPMENT_TEAM = 9H772RLSQ4;
				GENERATE_INFOPLIST_FILE = YES;
				IPHONEOS_DEPLOYMENT_TARGET = 18.1;
				MARKETING_VERSION = 1.0;
				PRODUCT_BUNDLE_IDENTIFIER = com.MeetandCreate.MeetandCreateTests;
				PRODUCT_NAME = "$(TARGET_NAME)";
				SWIFT_EMIT_LOC_STRINGS = NO;
				SWIFT_VERSION = 5.0;
				TARGETED_DEVICE_FAMILY = "1,2";
				TEST_HOST = "$(BUILT_PRODUCTS_DIR)/MeetandCreate.app/$(BUNDLE_EXECUTABLE_FOLDER_PATH)/MeetandCreate";
			};
			name = Release;
		};
		054BDC282D00A63C00CF5597 /* Debug */ = {
			isa = XCBuildConfiguration;
			buildSettings = {
				CODE_SIGN_STYLE = Automatic;
				CURRENT_PROJECT_VERSION = 1;
				DEVELOPMENT_TEAM = 9H772RLSQ4;
				GENERATE_INFOPLIST_FILE = YES;
				MARKETING_VERSION = 1.0;
				PRODUCT_BUNDLE_IDENTIFIER = com.MeetandCreate.MeetandCreateUITests;
				PRODUCT_NAME = "$(TARGET_NAME)";
				SWIFT_EMIT_LOC_STRINGS = NO;
				SWIFT_VERSION = 5.0;
				TARGETED_DEVICE_FAMILY = "1,2";
				TEST_TARGET_NAME = MeetandCreate;
			};
			name = Debug;
		};
		054BDC292D00A63C00CF5597 /* Release */ = {
			isa = XCBuildConfiguration;
			buildSettings = {
				CODE_SIGN_STYLE = Automatic;
				CURRENT_PROJECT_VERSION = 1;
				DEVELOPMENT_TEAM = 9H772RLSQ4;
				GENERATE_INFOPLIST_FILE = YES;
				MARKETING_VERSION = 1.0;
				PRODUCT_BUNDLE_IDENTIFIER = com.MeetandCreate.MeetandCreateUITests;
				PRODUCT_NAME = "$(TARGET_NAME)";
				SWIFT_EMIT_LOC_STRINGS = NO;
				SWIFT_VERSION = 5.0;
				TARGETED_DEVICE_FAMILY = "1,2";
				TEST_TARGET_NAME = MeetandCreate;
			};
			name = Release;
		};
/* End XCBuildConfiguration section */

/* Begin XCConfigurationList section */
		054BDBF82D00A63900CF5597 /* Build configuration list for PBXProject "MeetandCreate" */ = {
			isa = XCConfigurationList;
			buildConfigurations = (
				054BDC1F2D00A63C00CF5597 /* Debug */,
				054BDC202D00A63C00CF5597 /* Release */,
			);
			defaultConfigurationIsVisible = 0;
			defaultConfigurationName = Release;
		};
		054BDC212D00A63C00CF5597 /* Build configuration list for PBXNativeTarget "MeetandCreate" */ = {
			isa = XCConfigurationList;
			buildConfigurations = (
				054BDC222D00A63C00CF5597 /* Debug */,
				054BDC232D00A63C00CF5597 /* Release */,
			);
			defaultConfigurationIsVisible = 0;
			defaultConfigurationName = Release;
		};
		054BDC242D00A63C00CF5597 /* Build configuration list for PBXNativeTarget "MeetandCreateTests" */ = {
			isa = XCConfigurationList;
			buildConfigurations = (
				054BDC252D00A63C00CF5597 /* Debug */,
				054BDC262D00A63C00CF5597 /* Release */,
			);
			defaultConfigurationIsVisible = 0;
			defaultConfigurationName = Release;
		};
		054BDC272D00A63C00CF5597 /* Build configuration list for PBXNativeTarget "MeetandCreateUITests" */ = {
			isa = XCConfigurationList;
			buildConfigurations = (
				054BDC282D00A63C00CF5597 /* Debug */,
				054BDC292D00A63C00CF5597 /* Release */,
			);
			defaultConfigurationIsVisible = 0;
			defaultConfigurationName = Release;
		};
/* End XCConfigurationList section */
	};
	rootObject = 054BDBF52D00A63900CF5597 /* Project object */;
}
